
Microsoft Visual Studio Solution File, Format Version 12.00
# Visual Studio Version 17
VisualStudioVersion = 17.3.32804.467
MinimumVisualStudioVersion = 10.0.40219.1
Project("{9A19103F-16F7-4668-BE54-9A1E7A4F7556}") = "YAKUBITE", "YAKUBITE.csproj", "{1C5F16D5-3832-41B4-B6FE-574F09F2C550}"
EndProject
Project("{2150E333-8FDC-42A3-9474-1A3956D46DE8}") = "2_DATOS", "2_DATOS", "{E21B5137-E2B2-48F8-817F-11D7FFDEEF2D}"
EndProject
Project("{2150E333-8FDC-42A3-9474-1A3956D46DE8}") = "1_APLICACION", "1_APLICACION", "{3D605F6B-B305-41C2-970E-FA6C59320BB6}"
EndProject
Project("{2150E333-8FDC-42A3-9474-1A3956D46DE8}") = "3_COMUNES", "3_COMUNES", "{979E51DC-461E-4F5E-B6F2-0AB023F35F0A}"
EndProject
Project("{2150E333-8FDC-42A3-9474-1A3956D46DE8}") = "4_PERSISTENCIA", "4_PERSISTENCIA", "{73E0DF29-D3AE-4FA5-9F3D-D18C31D299AE}"
EndProject
Project("{9A19103F-16F7-4668-BE54-9A1E7A4F7556}") = "YKT_DATABASE", "..\YKT_DATABASE\YKT_DATABASE.csproj", "{4DFC2340-0069-4FD2-A1F3-1CC688ABB93A}"
EndProject
Project("{9A19103F-16F7-4668-BE54-9A1E7A4F7556}") = "YKT_CORE", "..\YKT_CORE\YKT_CORE.csproj", "{1BECA2E2-0A85-4ABC-8768-68286FB08BE7}"
EndProject
Project("{9A19103F-16F7-4668-BE54-9A1E7A4F7556}") = "YKT_CONFIG", "..\YKT_CONFIG\YKT_CONFIG.csproj", "{EE17B940-8DDA-48C4-8EC9-FB12786AF652}"
EndProject
Project("{9A19103F-16F7-4668-BE54-9A1E7A4F7556}") = "YKT_ENTIDAD", "..\YKT_ENTIDAD\YKT_ENTIDAD.csproj", "{A3B8BE44-D56F-46DD-8FD9-FCC657F8B53D}"
EndProject
Project("{9A19103F-16F7-4668-BE54-9A1E7A4F7556}") = "YKT_DATOS_CONSULTAS", "..\YKT_DATOS_CONSULTAS\YKT_DATOS_CONSULTAS.csproj", "{305F57E8-A2E1-4B3C-A43D-968237777F36}"
EndProject
Project("{9A19103F-16F7-4668-BE54-9A1E7A4F7556}") = "YKT_DATOS_EVENTOS", "..\YKT_DATOS_EVENTOS\YKT_DATOS_EVENTOS.csproj", "{EAD2E013-7F1B-42E5-903B-845763B44BD1}"
EndProject
Project("{9A19103F-16F7-4668-BE54-9A1E7A4F7556}") = "YKT_DATOS_MODELOS", "..\YKT_DATOS_MODELOS\YKT_DATOS_MODELOS.csproj", "{8EC6F8B6-5B90-4AF2-B468-61D22E000769}"
EndProject
Global
	GlobalSection(SolutionConfigurationPlatforms) = preSolution
		Debug|Any CPU = Debug|Any CPU
		Release|Any CPU = Release|Any CPU
	EndGlobalSection
	GlobalSection(ProjectConfigurationPlatforms) = postSolution
		{1C5F16D5-3832-41B4-B6FE-574F09F2C550}.Debug|Any CPU.ActiveCfg = Debug|Any CPU
		{1C5F16D5-3832-41B4-B6FE-574F09F2C550}.Debug|Any CPU.Build.0 = Debug|Any CPU
		{1C5F16D5-3832-41B4-B6FE-574F09F2C550}.Release|Any CPU.ActiveCfg = Release|Any CPU
		{1C5F16D5-3832-41B4-B6FE-574F09F2C550}.Release|Any CPU.Build.0 = Release|Any CPU
		{4DFC2340-0069-4FD2-A1F3-1CC688ABB93A}.Debug|Any CPU.ActiveCfg = Debug|Any CPU
		{4DFC2340-0069-4FD2-A1F3-1CC688ABB93A}.Debug|Any CPU.Build.0 = Debug|Any CPU
		{4DFC2340-0069-4FD2-A1F3-1CC688ABB93A}.Release|Any CPU.ActiveCfg = Release|Any CPU
		{4DFC2340-0069-4FD2-A1F3-1CC688ABB93A}.Release|Any CPU.Build.0 = Release|Any CPU
		{1BECA2E2-0A85-4ABC-8768-68286FB08BE7}.Debug|Any CPU.ActiveCfg = Debug|Any CPU
		{1BECA2E2-0A85-4ABC-8768-68286FB08BE7}.Debug|Any CPU.Build.0 = Debug|Any CPU
		{1BECA2E2-0A85-4ABC-8768-68286FB08BE7}.Release|Any CPU.ActiveCfg = Release|Any CPU
		{1BECA2E2-0A85-4ABC-8768-68286FB08BE7}.Release|Any CPU.Build.0 = Release|Any CPU
		{EE17B940-8DDA-48C4-8EC9-FB12786AF652}.Debug|Any CPU.ActiveCfg = Debug|Any CPU
		{EE17B940-8DDA-48C4-8EC9-FB12786AF652}.Debug|Any CPU.Build.0 = Debug|Any CPU
		{EE17B940-8DDA-48C4-8EC9-FB12786AF652}.Release|Any CPU.ActiveCfg = Release|Any CPU
		{EE17B940-8DDA-48C4-8EC9-FB12786AF652}.Release|Any CPU.Build.0 = Release|Any CPU
		{A3B8BE44-D56F-46DD-8FD9-FCC657F8B53D}.Debug|Any CPU.ActiveCfg = Debug|Any CPU
		{A3B8BE44-D56F-46DD-8FD9-FCC657F8B53D}.Debug|Any CPU.Build.0 = Debug|Any CPU
		{A3B8BE44-D56F-46DD-8FD9-FCC657F8B53D}.Release|Any CPU.ActiveCfg = Release|Any CPU
		{A3B8BE44-D56F-46DD-8FD9-FCC657F8B53D}.Release|Any CPU.Build.0 = Release|Any CPU
		{305F57E8-A2E1-4B3C-A43D-968237777F36}.Debug|Any CPU.ActiveCfg = Debug|Any CPU
		{305F57E8-A2E1-4B3C-A43D-968237777F36}.Debug|Any CPU.Build.0 = Debug|Any CPU
		{305F57E8-A2E1-4B3C-A43D-968237777F36}.Release|Any CPU.ActiveCfg = Release|Any CPU
		{305F57E8-A2E1-4B3C-A43D-968237777F36}.Release|Any CPU.Build.0 = Release|Any CPU
		{EAD2E013-7F1B-42E5-903B-845763B44BD1}.Debug|Any CPU.ActiveCfg = Debug|Any CPU
		{EAD2E013-7F1B-42E5-903B-845763B44BD1}.Debug|Any CPU.Build.0 = Debug|Any CPU
		{EAD2E013-7F1B-42E5-903B-845763B44BD1}.Release|Any CPU.ActiveCfg = Release|Any CPU
		{EAD2E013-7F1B-42E5-903B-845763B44BD1}.Release|Any CPU.Build.0 = Release|Any CPU
		{8EC6F8B6-5B90-4AF2-B468-61D22E000769}.Debug|Any CPU.ActiveCfg = Debug|Any CPU
		{8EC6F8B6-5B90-4AF2-B468-61D22E000769}.Debug|Any CPU.Build.0 = Debug|Any CPU
		{8EC6F8B6-5B90-4AF2-B468-61D22E000769}.Release|Any CPU.ActiveCfg = Release|Any CPU
		{8EC6F8B6-5B90-4AF2-B468-61D22E000769}.Release|Any CPU.Build.0 = Release|Any CPU
	EndGlobalSection
	GlobalSection(SolutionProperties) = preSolution
		HideSolutionNode = FALSE
	EndGlobalSection
	GlobalSection(NestedProjects) = preSolution
		{1C5F16D5-3832-41B4-B6FE-574F09F2C550} = {3D605F6B-B305-41C2-970E-FA6C59320BB6}
		{4DFC2340-0069-4FD2-A1F3-1CC688ABB93A} = {73E0DF29-D3AE-4FA5-9F3D-D18C31D299AE}
		{1BECA2E2-0A85-4ABC-8768-68286FB08BE7} = {979E51DC-461E-4F5E-B6F2-0AB023F35F0A}
		{EE17B940-8DDA-48C4-8EC9-FB12786AF652} = {979E51DC-461E-4F5E-B6F2-0AB023F35F0A}
		{A3B8BE44-D56F-46DD-8FD9-FCC657F8B53D} = {979E51DC-461E-4F5E-B6F2-0AB023F35F0A}
		{305F57E8-A2E1-4B3C-A43D-968237777F36} = {E21B5137-E2B2-48F8-817F-11D7FFDEEF2D}
		{EAD2E013-7F1B-42E5-903B-845763B44BD1} = {E21B5137-E2B2-48F8-817F-11D7FFDEEF2D}
		{8EC6F8B6-5B90-4AF2-B468-61D22E000769} = {E21B5137-E2B2-48F8-817F-11D7FFDEEF2D}
	EndGlobalSection
	GlobalSection(ExtensibilityGlobals) = postSolution
		SolutionGuid = {F0EBE1B0-D9B8-436B-A305-25562506424A}
	EndGlobalSection
EndGlobal
